
Microsoft Visual Studio Solution File, Format Version 12.00
# Visual Studio Version 16
VisualStudioVersion = 16.0.31402.337
MinimumVisualStudioVersion = 10.0.40219.1
Project("{FAE04EC0-301F-11D3-BF4B-00C04F79EFBC}") = "GroceryList", "GroceryList\GroceryList.csproj", "{AF994821-829C-4464-8D19-CA79F79AB219}"
EndProject
Global
	GlobalSection(SolutionConfigurationPlatforms) = preSolution
		Debug|Any CPU = Debug|Any CPU
		Release|Any CPU = Release|Any CPU
	EndGlobalSection
	GlobalSection(ProjectConfigurationPlatforms) = postSolution
		{AF994821-829C-4464-8D19-CA79F79AB219}.Debug|Any CPU.ActiveCfg = Debug|Any CPU
		{AF994821-829C-4464-8D19-CA79F79AB219}.Debug|Any CPU.Build.0 = Debug|Any CPU
		{AF994821-829C-4464-8D19-CA79F79AB219}.Release|Any CPU.ActiveCfg = Release|Any CPU
		{AF994821-829C-4464-8D19-CA79F79AB219}.Release|Any CPU.Build.0 = Release|Any CPU
	EndGlobalSection
	GlobalSection(SolutionProperties) = preSolution
		HideSolutionNode = FALSE
	EndGlobalSection
	GlobalSection(ExtensibilityGlobals) = postSolution
		SolutionGuid = {23AAA0EB-4716-4274-9209-C191334475A1}
	EndGlobalSection
EndGlobal
